
Microsoft Visual Studio Solution File, Format Version 12.00
# Visual Studio Version 16
VisualStudioVersion = 16.0.30011.22
MinimumVisualStudioVersion = 10.0.40219.1
Project("{FAE04EC0-301F-11D3-BF4B-00C04F79EFBC}") = "Livraison.BO", "Livraison.BO\Livraison.BO.csproj", "{A8FDBE28-E103-47B7-93D5-48903199C96B}"
EndProject
Project("{FAE04EC0-301F-11D3-BF4B-00C04F79EFBC}") = "livraision.BLL", "livraision.BLL\livraision.BLL.csproj", "{9CD11549-8ABE-4579-B71D-FE3BF896B62F}"
EndProject
Project("{FAE04EC0-301F-11D3-BF4B-00C04F79EFBC}") = "Livraison.DAL", "Livraison.DAO\Livraison.DAL.csproj", "{1CFDE22F-33E6-4F30-AEA0-12DF59AED7C9}"
EndProject
Global
	GlobalSection(SolutionConfigurationPlatforms) = preSolution
		Debug|Any CPU = Debug|Any CPU
		Release|Any CPU = Release|Any CPU
	EndGlobalSection
	GlobalSection(ProjectConfigurationPlatforms) = postSolution
		{A8FDBE28-E103-47B7-93D5-48903199C96B}.Debug|Any CPU.ActiveCfg = Debug|Any CPU
		{A8FDBE28-E103-47B7-93D5-48903199C96B}.Debug|Any CPU.Build.0 = Debug|Any CPU
		{A8FDBE28-E103-47B7-93D5-48903199C96B}.Release|Any CPU.ActiveCfg = Release|Any CPU
		{A8FDBE28-E103-47B7-93D5-48903199C96B}.Release|Any CPU.Build.0 = Release|Any CPU
		{9CD11549-8ABE-4579-B71D-FE3BF896B62F}.Debug|Any CPU.ActiveCfg = Debug|Any CPU
		{9CD11549-8ABE-4579-B71D-FE3BF896B62F}.Debug|Any CPU.Build.0 = Debug|Any CPU
		{9CD11549-8ABE-4579-B71D-FE3BF896B62F}.Release|Any CPU.ActiveCfg = Release|Any CPU
		{9CD11549-8ABE-4579-B71D-FE3BF896B62F}.Release|Any CPU.Build.0 = Release|Any CPU
		{1CFDE22F-33E6-4F30-AEA0-12DF59AED7C9}.Debug|Any CPU.ActiveCfg = Debug|Any CPU
		{1CFDE22F-33E6-4F30-AEA0-12DF59AED7C9}.Debug|Any CPU.Build.0 = Debug|Any CPU
		{1CFDE22F-33E6-4F30-AEA0-12DF59AED7C9}.Release|Any CPU.ActiveCfg = Release|Any CPU
		{1CFDE22F-33E6-4F30-AEA0-12DF59AED7C9}.Release|Any CPU.Build.0 = Release|Any CPU
	EndGlobalSection
	GlobalSection(SolutionProperties) = preSolution
		HideSolutionNode = FALSE
	EndGlobalSection
	GlobalSection(ExtensibilityGlobals) = postSolution
		SolutionGuid = {773192D9-2D41-409E-80D0-D22BCB43F4EA}
	EndGlobalSection
EndGlobal
